// !$*UTF8*$!
{
	archiveVersion = 1;
	classes = {
	};
	objectVersion = 56;
	objects = {

/* Begin PBXBuildFile section */
		B07047C12A2BB1910035CFE3 /* CelestialDistancePredictApp.swift in Sources */ = {isa = PBXBuildFile; fileRef = B07047C02A2BB1910035CFE3 /* CelestialDistancePredictApp.swift */; };
		B07047C32A2BB1910035CFE3 /* CDPMainView.swift in Sources */ = {isa = PBXBuildFile; fileRef = B07047C22A2BB1910035CFE3 /* CDPMainView.swift */; };
		B07047C52A2BB1920035CFE3 /* Assets.xcassets in Resources */ = {isa = PBXBuildFile; fileRef = B07047C42A2BB1920035CFE3 /* Assets.xcassets */; };
		B07047C82A2BB1920035CFE3 /* Preview Assets.xcassets in Resources */ = {isa = PBXBuildFile; fileRef = B07047C72A2BB1920035CFE3 /* Preview Assets.xcassets */; };
		B07047CF2A2BB1A80035CFE3 /* .gitignore in Resources */ = {isa = PBXBuildFile; fileRef = B07047CE2A2BB1A80035CFE3 /* .gitignore */; };
		B07047D12A2BB1B10035CFE3 /* README.md in Resources */ = {isa = PBXBuildFile; fileRef = B07047D02A2BB1B10035CFE3 /* README.md */; };
		B07047D82A2BBD070035CFE3 /* ColorExtension.swift in Sources */ = {isa = PBXBuildFile; fileRef = B07047D72A2BBD070035CFE3 /* ColorExtension.swift */; };
		B07047DA2A2BC1DE0035CFE3 /* NetworkManager.swift in Sources */ = {isa = PBXBuildFile; fileRef = B07047D92A2BC1DE0035CFE3 /* NetworkManager.swift */; };
		B07047DC2A2BC5D20035CFE3 /* PredictionResult.swift in Sources */ = {isa = PBXBuildFile; fileRef = B07047DB2A2BC5D20035CFE3 /* PredictionResult.swift */; };
		B07047DE2A2BC77E0035CFE3 /* Constants.swift in Sources */ = {isa = PBXBuildFile; fileRef = B07047DD2A2BC77E0035CFE3 /* Constants.swift */; };
		B07047E02A2BC8190035CFE3 /* Utilities.swift in Sources */ = {isa = PBXBuildFile; fileRef = B07047DF2A2BC8190035CFE3 /* Utilities.swift */; };
		B07047E22A2BD2760035CFE3 /* CustomModifiers.swift in Sources */ = {isa = PBXBuildFile; fileRef = B07047E12A2BD2760035CFE3 /* CustomModifiers.swift */; };
		B07047E42A2BD2E40035CFE3 /* ViewExtension.swift in Sources */ = {isa = PBXBuildFile; fileRef = B07047E32A2BD2E40035CFE3 /* ViewExtension.swift */; };
		B0E06DA42A2F1EE2007F77CB /* CDPViewModel.swift in Sources */ = {isa = PBXBuildFile; fileRef = B0E06DA32A2F1EE2007F77CB /* CDPViewModel.swift */; };
		B0E06DA62A2F294D007F77CB /* CDPInformationView.swift in Sources */ = {isa = PBXBuildFile; fileRef = B0E06DA52A2F294D007F77CB /* CDPInformationView.swift */; };
		B0E06DAF2A2F39B4007F77CB /* ResultScreen.png in Resources */ = {isa = PBXBuildFile; fileRef = B0E06DAB2A2F39B4007F77CB /* ResultScreen.png */; };
		B0E06DB02A2F39B4007F77CB /* InputScreen.png in Resources */ = {isa = PBXBuildFile; fileRef = B0E06DAC2A2F39B4007F77CB /* InputScreen.png */; };
		B0E06DB12A2F39B4007F77CB /* InfoScreen.png in Resources */ = {isa = PBXBuildFile; fileRef = B0E06DAD2A2F39B4007F77CB /* InfoScreen.png */; };
		B0E06DB22A2F39B4007F77CB /* MainScreen.png in Resources */ = {isa = PBXBuildFile; fileRef = B0E06DAE2A2F39B4007F77CB /* MainScreen.png */; };
		B0E06DB42A2F3A31007F77CB /* Demo.gif in Resources */ = {isa = PBXBuildFile; fileRef = B0E06DB32A2F3A31007F77CB /* Demo.gif */; };
/* End PBXBuildFile section */

/* Begin PBXFileReference section */
		B07047BD2A2BB1910035CFE3 /* CelestialDistancePredict.app */ = {isa = PBXFileReference; explicitFileType = wrapper.application; includeInIndex = 0; path = CelestialDistancePredict.app; sourceTree = BUILT_PRODUCTS_DIR; };
		B07047C02A2BB1910035CFE3 /* CelestialDistancePredictApp.swift */ = {isa = PBXFileReference; lastKnownFileType = sourcecode.swift; path = CelestialDistancePredictApp.swift; sourceTree = "<group>"; };
		B07047C22A2BB1910035CFE3 /* CDPMainView.swift */ = {isa = PBXFileReference; lastKnownFileType = sourcecode.swift; path = CDPMainView.swift; sourceTree = "<group>"; };
		B07047C42A2BB1920035CFE3 /* Assets.xcassets */ = {isa = PBXFileReference; lastKnownFileType = folder.assetcatalog; path = Assets.xcassets; sourceTree = "<group>"; };
		B07047C72A2BB1920035CFE3 /* Preview Assets.xcassets */ = {isa = PBXFileReference; lastKnownFileType = folder.assetcatalog; path = "Preview Assets.xcassets"; sourceTree = "<group>"; };
		B07047CE2A2BB1A80035CFE3 /* .gitignore */ = {isa = PBXFileReference; lastKnownFileType = text; path = .gitignore; sourceTree = "<group>"; };
		B07047D02A2BB1B10035CFE3 /* README.md */ = {isa = PBXFileReference; lastKnownFileType = net.daringfireball.markdown; path = README.md; sourceTree = "<group>"; };
		B07047D72A2BBD070035CFE3 /* ColorExtension.swift */ = {isa = PBXFileReference; lastKnownFileType = sourcecode.swift; path = ColorExtension.swift; sourceTree = "<group>"; };
		B07047D92A2BC1DE0035CFE3 /* NetworkManager.swift */ = {isa = PBXFileReference; lastKnownFileType = sourcecode.swift; path = NetworkManager.swift; sourceTree = "<group>"; };
		B07047DB2A2BC5D20035CFE3 /* PredictionResult.swift */ = {isa = PBXFileReference; lastKnownFileType = sourcecode.swift; path = PredictionResult.swift; sourceTree = "<group>"; };
		B07047DD2A2BC77E0035CFE3 /* Constants.swift */ = {isa = PBXFileReference; lastKnownFileType = sourcecode.swift; path = Constants.swift; sourceTree = "<group>"; };
		B07047DF2A2BC8190035CFE3 /* Utilities.swift */ = {isa = PBXFileReference; lastKnownFileType = sourcecode.swift; path = Utilities.swift; sourceTree = "<group>"; };
		B07047E12A2BD2760035CFE3 /* CustomModifiers.swift */ = {isa = PBXFileReference; lastKnownFileType = sourcecode.swift; path = CustomModifiers.swift; sourceTree = "<group>"; };
		B07047E32A2BD2E40035CFE3 /* ViewExtension.swift */ = {isa = PBXFileReference; lastKnownFileType = sourcecode.swift; path = ViewExtension.swift; sourceTree = "<group>"; };
		B0E06DA32A2F1EE2007F77CB /* CDPViewModel.swift */ = {isa = PBXFileReference; lastKnownFileType = sourcecode.swift; path = CDPViewModel.swift; sourceTree = "<group>"; };
		B0E06DA52A2F294D007F77CB /* CDPInformationView.swift */ = {isa = PBXFileReference; lastKnownFileType = sourcecode.swift; path = CDPInformationView.swift; sourceTree = "<group>"; };
		B0E06DAB2A2F39B4007F77CB /* ResultScreen.png */ = {isa = PBXFileReference; lastKnownFileType = image.png; path = ResultScreen.png; sourceTree = "<group>"; };
		B0E06DAC2A2F39B4007F77CB /* InputScreen.png */ = {isa = PBXFileReference; lastKnownFileType = image.png; path = InputScreen.png; sourceTree = "<group>"; };
		B0E06DAD2A2F39B4007F77CB /* InfoScreen.png */ = {isa = PBXFileReference; lastKnownFileType = image.png; path = InfoScreen.png; sourceTree = "<group>"; };
		B0E06DAE2A2F39B4007F77CB /* MainScreen.png */ = {isa = PBXFileReference; lastKnownFileType = image.png; path = MainScreen.png; sourceTree = "<group>"; };
		B0E06DB32A2F3A31007F77CB /* Demo.gif */ = {isa = PBXFileReference; lastKnownFileType = image.gif; path = Demo.gif; sourceTree = "<group>"; };
/* End PBXFileReference section */

/* Begin PBXFrameworksBuildPhase section */
		B07047BA2A2BB1910035CFE3 /* Frameworks */ = {
			isa = PBXFrameworksBuildPhase;
			buildActionMask = 2147483647;
			files = (
			);
			runOnlyForDeploymentPostprocessing = 0;
		};
/* End PBXFrameworksBuildPhase section */

/* Begin PBXGroup section */
		B07047B42A2BB1910035CFE3 = {
			isa = PBXGroup;
			children = (
				B07047D02A2BB1B10035CFE3 /* README.md */,
				B07047CE2A2BB1A80035CFE3 /* .gitignore */,
				B0E06DAA2A2F3996007F77CB /* Images */,
				B07047BF2A2BB1910035CFE3 /* CelestialDistancePredict */,
				B07047BE2A2BB1910035CFE3 /* Products */,
			);
			sourceTree = "<group>";
		};
		B07047BE2A2BB1910035CFE3 /* Products */ = {
			isa = PBXGroup;
			children = (
				B07047BD2A2BB1910035CFE3 /* CelestialDistancePredict.app */,
			);
			name = Products;
			sourceTree = "<group>";
		};
		B07047BF2A2BB1910035CFE3 /* CelestialDistancePredict */ = {
			isa = PBXGroup;
			children = (
				B07047C02A2BB1910035CFE3 /* CelestialDistancePredictApp.swift */,
				B07047D52A2BBA550035CFE3 /* Utilities */,
				B07047D32A2BBA3F0035CFE3 /* Models */,
				B07047D42A2BBA420035CFE3 /* ViewModels */,
				B07047D22A2BBA350035CFE3 /* Views */,
				B07047C42A2BB1920035CFE3 /* Assets.xcassets */,
				B07047C62A2BB1920035CFE3 /* Preview Content */,
			);
			path = CelestialDistancePredict;
			sourceTree = "<group>";
		};
		B07047C62A2BB1920035CFE3 /* Preview Content */ = {
			isa = PBXGroup;
			children = (
				B07047C72A2BB1920035CFE3 /* Preview Assets.xcassets */,
			);
			path = "Preview Content";
			sourceTree = "<group>";
		};
		B07047D22A2BBA350035CFE3 /* Views */ = {
			isa = PBXGroup;
			children = (
				B07047C22A2BB1910035CFE3 /* CDPMainView.swift */,
				B0E06DA52A2F294D007F77CB /* CDPInformationView.swift */,
			);
			path = Views;
			sourceTree = "<group>";
		};
		B07047D32A2BBA3F0035CFE3 /* Models */ = {
			isa = PBXGroup;
			children = (
				B07047DB2A2BC5D20035CFE3 /* PredictionResult.swift */,
			);
			path = Models;
			sourceTree = "<group>";
		};
		B07047D42A2BBA420035CFE3 /* ViewModels */ = {
			isa = PBXGroup;
			children = (
				B0E06DA32A2F1EE2007F77CB /* CDPViewModel.swift */,
			);
			path = ViewModels;
			sourceTree = "<group>";
		};
		B07047D52A2BBA550035CFE3 /* Utilities */ = {
			isa = PBXGroup;
			children = (
				B07047D72A2BBD070035CFE3 /* ColorExtension.swift */,
				B07047DD2A2BC77E0035CFE3 /* Constants.swift */,
				B07047E12A2BD2760035CFE3 /* CustomModifiers.swift */,
				B07047D92A2BC1DE0035CFE3 /* NetworkManager.swift */,
				B07047DF2A2BC8190035CFE3 /* Utilities.swift */,
				B07047E32A2BD2E40035CFE3 /* ViewExtension.swift */,
			);
			path = Utilities;
			sourceTree = "<group>";
		};
		B0E06DAA2A2F3996007F77CB /* Images */ = {
			isa = PBXGroup;
			children = (
				B0E06DB32A2F3A31007F77CB /* Demo.gif */,
				B0E06DAE2A2F39B4007F77CB /* MainScreen.png */,
				B0E06DAD2A2F39B4007F77CB /* InfoScreen.png */,
				B0E06DAC2A2F39B4007F77CB /* InputScreen.png */,
				B0E06DAB2A2F39B4007F77CB /* ResultScreen.png */,
			);
			path = Images;
			sourceTree = "<group>";
		};
/* End PBXGroup section */

/* Begin PBXNativeTarget section */
		B07047BC2A2BB1910035CFE3 /* CelestialDistancePredict */ = {
			isa = PBXNativeTarget;
			buildConfigurationList = B07047CB2A2BB1920035CFE3 /* Build configuration list for PBXNativeTarget "CelestialDistancePredict" */;
			buildPhases = (
				B07047B92A2BB1910035CFE3 /* Sources */,
				B07047BA2A2BB1910035CFE3 /* Frameworks */,
				B07047BB2A2BB1910035CFE3 /* Resources */,
			);
			buildRules = (
			);
			dependencies = (
			);
			name = CelestialDistancePredict;
			productName = CelestialDistancePredict;
			productReference = B07047BD2A2BB1910035CFE3 /* CelestialDistancePredict.app */;
			productType = "com.apple.product-type.application";
		};
/* End PBXNativeTarget section */

/* Begin PBXProject section */
		B07047B52A2BB1910035CFE3 /* Project object */ = {
			isa = PBXProject;
			attributes = {
				BuildIndependentTargetsInParallel = 1;
				LastSwiftUpdateCheck = 1430;
				LastUpgradeCheck = 1430;
				TargetAttributes = {
					B07047BC2A2BB1910035CFE3 = {
						CreatedOnToolsVersion = 14.3.1;
					};
				};
			};
			buildConfigurationList = B07047B82A2BB1910035CFE3 /* Build configuration list for PBXProject "CelestialDistancePredict" */;
			compatibilityVersion = "Xcode 14.0";
			developmentRegion = en;
			hasScannedForEncodings = 0;
			knownRegions = (
				en,
				Base,
			);
			mainGroup = B07047B42A2BB1910035CFE3;
			productRefGroup = B07047BE2A2BB1910035CFE3 /* Products */;
			projectDirPath = "";
			projectRoot = "";
			targets = (
				B07047BC2A2BB1910035CFE3 /* CelestialDistancePredict */,
			);
		};
/* End PBXProject section */

/* Begin PBXResourcesBuildPhase section */
		B07047BB2A2BB1910035CFE3 /* Resources */ = {
			isa = PBXResourcesBuildPhase;
			buildActionMask = 2147483647;
			files = (
				B0E06DB42A2F3A31007F77CB /* Demo.gif in Resources */,
				B07047C82A2BB1920035CFE3 /* Preview Assets.xcassets in Resources */,
				B0E06DB02A2F39B4007F77CB /* InputScreen.png in Resources */,
				B07047CF2A2BB1A80035CFE3 /* .gitignore in Resources */,
				B0E06DB12A2F39B4007F77CB /* InfoScreen.png in Resources */,
				B0E06DB22A2F39B4007F77CB /* MainScreen.png in Resources */,
				B07047D12A2BB1B10035CFE3 /* README.md in Resources */,
				B07047C52A2BB1920035CFE3 /* Assets.xcassets in Resources */,
				B0E06DAF2A2F39B4007F77CB /* ResultScreen.png in Resources */,
			);
			runOnlyForDeploymentPostprocessing = 0;
		};
/* End PBXResourcesBuildPhase section */

/* Begin PBXSourcesBuildPhase section */
		B07047B92A2BB1910035CFE3 /* Sources */ = {
			isa = PBXSourcesBuildPhase;
			buildActionMask = 2147483647;
			files = (
				B0E06DA62A2F294D007F77CB /* CDPInformationView.swift in Sources */,
				B0E06DA42A2F1EE2007F77CB /* CDPViewModel.swift in Sources */,
				B07047E42A2BD2E40035CFE3 /* ViewExtension.swift in Sources */,
				B07047DA2A2BC1DE0035CFE3 /* NetworkManager.swift in Sources */,
				B07047DC2A2BC5D20035CFE3 /* PredictionResult.swift in Sources */,
				B07047E02A2BC8190035CFE3 /* Utilities.swift in Sources */,
				B07047D82A2BBD070035CFE3 /* ColorExtension.swift in Sources */,
				B07047C32A2BB1910035CFE3 /* CDPMainView.swift in Sources */,
				B07047E22A2BD2760035CFE3 /* CustomModifiers.swift in Sources */,
				B07047C12A2BB1910035CFE3 /* CelestialDistancePredictApp.swift in Sources */,
				B07047DE2A2BC77E0035CFE3 /* Constants.swift in Sources */,
			);
			runOnlyForDeploymentPostprocessing = 0;
		};
/* End PBXSourcesBuildPhase section */

/* Begin XCBuildConfiguration section */
		B07047C92A2BB1920035CFE3 /* Debug */ = {
			isa = XCBuildConfiguration;
			buildSettings = {
				ALWAYS_SEARCH_USER_PATHS = NO;
				CLANG_ANALYZER_NONNULL = YES;
				CLANG_ANALYZER_NUMBER_OBJECT_CONVERSION = YES_AGGRESSIVE;
				CLANG_CXX_LANGUAGE_STANDARD = "gnu++20";
				CLANG_ENABLE_MODULES = YES;
				CLANG_ENABLE_OBJC_ARC = YES;
				CLANG_ENABLE_OBJC_WEAK = YES;
				CLANG_WARN_BLOCK_CAPTURE_AUTORELEASING = YES;
				CLANG_WARN_BOOL_CONVERSION = YES;
				CLANG_WARN_COMMA = YES;
				CLANG_WARN_CONSTANT_CONVERSION = YES;
				CLANG_WARN_DEPRECATED_OBJC_IMPLEMENTATIONS = YES;
				CLANG_WARN_DIRECT_OBJC_ISA_USAGE = YES_ERROR;
				CLANG_WARN_DOCUMENTATION_COMMENTS = YES;
				CLANG_WARN_EMPTY_BODY = YES;
				CLANG_WARN_ENUM_CONVERSION = YES;
				CLANG_WARN_INFINITE_RECURSION = YES;
				CLANG_WARN_INT_CONVERSION = YES;
				CLANG_WARN_NON_LITERAL_NULL_CONVERSION = YES;
				CLANG_WARN_OBJC_IMPLICIT_RETAIN_SELF = YES;
				CLANG_WARN_OBJC_LITERAL_CONVERSION = YES;
				CLANG_WARN_OBJC_ROOT_CLASS = YES_ERROR;
				CLANG_WARN_QUOTED_INCLUDE_IN_FRAMEWORK_HEADER = YES;
				CLANG_WARN_RANGE_LOOP_ANALYSIS = YES;
				CLANG_WARN_STRICT_PROTOTYPES = YES;
				CLANG_WARN_SUSPICIOUS_MOVE = YES;
				CLANG_WARN_UNGUARDED_AVAILABILITY = YES_AGGRESSIVE;
				CLANG_WARN_UNREACHABLE_CODE = YES;
				CLANG_WARN__DUPLICATE_METHOD_MATCH = YES;
				COPY_PHASE_STRIP = NO;
				DEBUG_INFORMATION_FORMAT = dwarf;
				ENABLE_STRICT_OBJC_MSGSEND = YES;
				ENABLE_TESTABILITY = YES;
				GCC_C_LANGUAGE_STANDARD = gnu11;
				GCC_DYNAMIC_NO_PIC = NO;
				GCC_NO_COMMON_BLOCKS = YES;
				GCC_OPTIMIZATION_LEVEL = 0;
				GCC_PREPROCESSOR_DEFINITIONS = (
					"DEBUG=1",
					"$(inherited)",
				);
				GCC_WARN_64_TO_32_BIT_CONVERSION = YES;
				GCC_WARN_ABOUT_RETURN_TYPE = YES_ERROR;
				GCC_WARN_UNDECLARED_SELECTOR = YES;
				GCC_WARN_UNINITIALIZED_AUTOS = YES_AGGRESSIVE;
				GCC_WARN_UNUSED_FUNCTION = YES;
				GCC_WARN_UNUSED_VARIABLE = YES;
				IPHONEOS_DEPLOYMENT_TARGET = 16.4;
				MTL_ENABLE_DEBUG_INFO = INCLUDE_SOURCE;
				MTL_FAST_MATH = YES;
				ONLY_ACTIVE_ARCH = YES;
				SDKROOT = iphoneos;
				SWIFT_ACTIVE_COMPILATION_CONDITIONS = DEBUG;
				SWIFT_OPTIMIZATION_LEVEL = "-Onone";
			};
			name = Debug;
		};
		B07047CA2A2BB1920035CFE3 /* Release */ = {
			isa = XCBuildConfiguration;
			buildSettings = {
				ALWAYS_SEARCH_USER_PATHS = NO;
				CLANG_ANALYZER_NONNULL = YES;
				CLANG_ANALYZER_NUMBER_OBJECT_CONVERSION = YES_AGGRESSIVE;
				CLANG_CXX_LANGUAGE_STANDARD = "gnu++20";
				CLANG_ENABLE_MODULES = YES;
				CLANG_ENABLE_OBJC_ARC = YES;
				CLANG_ENABLE_OBJC_WEAK = YES;
				CLANG_WARN_BLOCK_CAPTURE_AUTORELEASING = YES;
				CLANG_WARN_BOOL_CONVERSION = YES;
				CLANG_WARN_COMMA = YES;
				CLANG_WARN_CONSTANT_CONVERSION = YES;
				CLANG_WARN_DEPRECATED_OBJC_IMPLEMENTATIONS = YES;
				CLANG_WARN_DIRECT_OBJC_ISA_USAGE = YES_ERROR;
				CLANG_WARN_DOCUMENTATION_COMMENTS = YES;
				CLANG_WARN_EMPTY_BODY = YES;
				CLANG_WARN_ENUM_CONVERSION = YES;
				CLANG_WARN_INFINITE_RECURSION = YES;
				CLANG_WARN_INT_CONVERSION = YES;
				CLANG_WARN_NON_LITERAL_NULL_CONVERSION = YES;
				CLANG_WARN_OBJC_IMPLICIT_RETAIN_SELF = YES;
				CLANG_WARN_OBJC_LITERAL_CONVERSION = YES;
				CLANG_WARN_OBJC_ROOT_CLASS = YES_ERROR;
				CLANG_WARN_QUOTED_INCLUDE_IN_FRAMEWORK_HEADER = YES;
				CLANG_WARN_RANGE_LOOP_ANALYSIS = YES;
				CLANG_WARN_STRICT_PROTOTYPES = YES;
				CLANG_WARN_SUSPICIOUS_MOVE = YES;
				CLANG_WARN_UNGUARDED_AVAILABILITY = YES_AGGRESSIVE;
				CLANG_WARN_UNREACHABLE_CODE = YES;
				CLANG_WARN__DUPLICATE_METHOD_MATCH = YES;
				COPY_PHASE_STRIP = NO;
				DEBUG_INFORMATION_FORMAT = "dwarf-with-dsym";
				ENABLE_NS_ASSERTIONS = NO;
				ENABLE_STRICT_OBJC_MSGSEND = YES;
				GCC_C_LANGUAGE_STANDARD = gnu11;
				GCC_NO_COMMON_BLOCKS = YES;
				GCC_WARN_64_TO_32_BIT_CONVERSION = YES;
				GCC_WARN_ABOUT_RETURN_TYPE = YES_ERROR;
				GCC_WARN_UNDECLARED_SELECTOR = YES;
				GCC_WARN_UNINITIALIZED_AUTOS = YES_AGGRESSIVE;
				GCC_WARN_UNUSED_FUNCTION = YES;
				GCC_WARN_UNUSED_VARIABLE = YES;
				IPHONEOS_DEPLOYMENT_TARGET = 16.4;
				MTL_ENABLE_DEBUG_INFO = NO;
				MTL_FAST_MATH = YES;
				SDKROOT = iphoneos;
				SWIFT_COMPILATION_MODE = wholemodule;
				SWIFT_OPTIMIZATION_LEVEL = "-O";
				VALIDATE_PRODUCT = YES;
			};
			name = Release;
		};
		B07047CC2A2BB1920035CFE3 /* Debug */ = {
			isa = XCBuildConfiguration;
			buildSettings = {
				ASSETCATALOG_COMPILER_APPICON_NAME = AppIcon;
				ASSETCATALOG_COMPILER_GLOBAL_ACCENT_COLOR_NAME = AccentColor;
				CODE_SIGN_STYLE = Automatic;
				CURRENT_PROJECT_VERSION = 1;
				DEVELOPMENT_ASSET_PATHS = "\"CelestialDistancePredict/Preview Content\"";
				DEVELOPMENT_TEAM = F4UY8YURNN;
				ENABLE_PREVIEWS = YES;
				GENERATE_INFOPLIST_FILE = YES;
				INFOPLIST_KEY_UIApplicationSceneManifest_Generation = YES;
				INFOPLIST_KEY_UIApplicationSupportsIndirectInputEvents = YES;
				INFOPLIST_KEY_UILaunchScreen_Generation = YES;
				INFOPLIST_KEY_UISupportedInterfaceOrientations_iPad = "UIInterfaceOrientationPortrait UIInterfaceOrientationPortraitUpsideDown UIInterfaceOrientationLandscapeLeft UIInterfaceOrientationLandscapeRight";
				INFOPLIST_KEY_UISupportedInterfaceOrientations_iPhone = "UIInterfaceOrientationPortrait UIInterfaceOrientationLandscapeLeft UIInterfaceOrientationLandscapeRight";
				LD_RUNPATH_SEARCH_PATHS = (
					"$(inherited)",
					"@executable_path/Frameworks",
				);
				MARKETING_VERSION = 1.0;
				PRODUCT_BUNDLE_IDENTIFIER = com.StevenWijaya.CelestialDistancePredict;
				PRODUCT_NAME = "$(TARGET_NAME)";
				SWIFT_EMIT_LOC_STRINGS = YES;
				SWIFT_VERSION = 5.0;
				TARGETED_DEVICE_FAMILY = "1,2";
			};
			name = Debug;
		};
		B07047CD2A2BB1920035CFE3 /* Release */ = {
			isa = XCBuildConfiguration;
			buildSettings = {
				ASSETCATALOG_COMPILER_APPICON_NAME = AppIcon;
				ASSETCATALOG_COMPILER_GLOBAL_ACCENT_COLOR_NAME = AccentColor;
				CODE_SIGN_STYLE = Automatic;
				CURRENT_PROJECT_VERSION = 1;
				DEVELOPMENT_ASSET_PATHS = "\"CelestialDistancePredict/Preview Content\"";
				DEVELOPMENT_TEAM = F4UY8YURNN;
				ENABLE_PREVIEWS = YES;
				GENERATE_INFOPLIST_FILE = YES;
				INFOPLIST_KEY_UIApplicationSceneManifest_Generation = YES;
				INFOPLIST_KEY_UIApplicationSupportsIndirectInputEvents = YES;
				INFOPLIST_KEY_UILaunchScreen_Generation = YES;
				INFOPLIST_KEY_UISupportedInterfaceOrientations_iPad = "UIInterfaceOrientationPortrait UIInterfaceOrientationPortraitUpsideDown UIInterfaceOrientationLandscapeLeft UIInterfaceOrientationLandscapeRight";
				INFOPLIST_KEY_UISupportedInterfaceOrientations_iPhone = "UIInterfaceOrientationPortrait UIInterfaceOrientationLandscapeLeft UIInterfaceOrientationLandscapeRight";
				LD_RUNPATH_SEARCH_PATHS = (
					"$(inherited)",
					"@executable_path/Frameworks",
				);
				MARKETING_VERSION = 1.0;
				PRODUCT_BUNDLE_IDENTIFIER = com.StevenWijaya.CelestialDistancePredict;
				PRODUCT_NAME = "$(TARGET_NAME)";
				SWIFT_EMIT_LOC_STRINGS = YES;
				SWIFT_VERSION = 5.0;
				TARGETED_DEVICE_FAMILY = "1,2";
			};
			name = Release;
		};
/* End XCBuildConfiguration section */

/* Begin XCConfigurationList section */
		B07047B82A2BB1910035CFE3 /* Build configuration list for PBXProject "CelestialDistancePredict" */ = {
			isa = XCConfigurationList;
			buildConfigurations = (
				B07047C92A2BB1920035CFE3 /* Debug */,
				B07047CA2A2BB1920035CFE3 /* Release */,
			);
			defaultConfigurationIsVisible = 0;
			defaultConfigurationName = Release;
		};
		B07047CB2A2BB1920035CFE3 /* Build configuration list for PBXNativeTarget "CelestialDistancePredict" */ = {
			isa = XCConfigurationList;
			buildConfigurations = (
				B07047CC2A2BB1920035CFE3 /* Debug */,
				B07047CD2A2BB1920035CFE3 /* Release */,
			);
			defaultConfigurationIsVisible = 0;
			defaultConfigurationName = Release;
		};
/* End XCConfigurationList section */
	};
	rootObject = B07047B52A2BB1910035CFE3 /* Project object */;
}
